
Microsoft Visual Studio Solution File, Format Version 12.00
# Visual Studio Version 17
VisualStudioVersion = 17.0.32014.148
MinimumVisualStudioVersion = 10.0.40219.1
Project("{9A19103F-16F7-4668-BE54-9A1E7A4F7556}") = "NativeWorker", "NativeWorker\NativeWorker.csproj", "{9AAEBC6A-FCDC-4BC6-A451-6199847A3164}"
EndProject
Project("{9A19103F-16F7-4668-BE54-9A1E7A4F7556}") = "DesktopTiles", "AvaloniaApplication1\DesktopTiles.csproj", "{5558DD09-EC1F-4D3A-ADC8-42E5A75B4439}"
EndProject
Global
	GlobalSection(SolutionConfigurationPlatforms) = preSolution
		Debug|Any CPU = Debug|Any CPU
		Release|Any CPU = Release|Any CPU
	EndGlobalSection
	GlobalSection(ProjectConfigurationPlatforms) = postSolution
		{9AAEBC6A-FCDC-4BC6-A451-6199847A3164}.Debug|Any CPU.ActiveCfg = Debug|Any CPU
		{9AAEBC6A-FCDC-4BC6-A451-6199847A3164}.Debug|Any CPU.Build.0 = Debug|Any CPU
		{9AAEBC6A-FCDC-4BC6-A451-6199847A3164}.Release|Any CPU.ActiveCfg = Release|Any CPU
		{9AAEBC6A-FCDC-4BC6-A451-6199847A3164}.Release|Any CPU.Build.0 = Release|Any CPU
		{5558DD09-EC1F-4D3A-ADC8-42E5A75B4439}.Debug|Any CPU.ActiveCfg = Debug|Any CPU
		{5558DD09-EC1F-4D3A-ADC8-42E5A75B4439}.Debug|Any CPU.Build.0 = Debug|Any CPU
		{5558DD09-EC1F-4D3A-ADC8-42E5A75B4439}.Release|Any CPU.ActiveCfg = Release|Any CPU
		{5558DD09-EC1F-4D3A-ADC8-42E5A75B4439}.Release|Any CPU.Build.0 = Release|Any CPU
	EndGlobalSection
	GlobalSection(SolutionProperties) = preSolution
		HideSolutionNode = FALSE
	EndGlobalSection
	GlobalSection(ExtensibilityGlobals) = postSolution
		SolutionGuid = {F98D8D35-B199-4712-A0BE-A23DC56A72D9}
	EndGlobalSection
EndGlobal
