
Microsoft Visual Studio Solution File, Format Version 12.00
# Visual Studio Version 16
VisualStudioVersion = 16.0.31112.23
MinimumVisualStudioVersion = 10.0.40219.1
Project("{FAE04EC0-301F-11D3-BF4B-00C04F79EFBC}") = "WpfApp1", "WpfApp1\WpfApp1.csproj", "{35AA9A06-723E-4924-BDC2-247C71919243}"
EndProject
Project("{9A19103F-16F7-4668-BE54-9A1E7A4F7556}") = "Starter", "Starter\Starter.csproj", "{1724A8F6-131E-43EB-88E8-30AD7EF6B51B}"
EndProject
Project("{FAE04EC0-301F-11D3-BF4B-00C04F79EFBC}") = "WinFormsApp1", "WinFormsApp1\WinFormsApp1.csproj", "{150FDD93-45BE-441A-A237-64975641DCB5}"
EndProject
Global
	GlobalSection(SolutionConfigurationPlatforms) = preSolution
		Debug|Any CPU = Debug|Any CPU
		Release|Any CPU = Release|Any CPU
	EndGlobalSection
	GlobalSection(ProjectConfigurationPlatforms) = postSolution
		{35AA9A06-723E-4924-BDC2-247C71919243}.Debug|Any CPU.ActiveCfg = Debug|Any CPU
		{35AA9A06-723E-4924-BDC2-247C71919243}.Debug|Any CPU.Build.0 = Debug|Any CPU
		{35AA9A06-723E-4924-BDC2-247C71919243}.Release|Any CPU.ActiveCfg = Release|Any CPU
		{35AA9A06-723E-4924-BDC2-247C71919243}.Release|Any CPU.Build.0 = Release|Any CPU
		{1724A8F6-131E-43EB-88E8-30AD7EF6B51B}.Debug|Any CPU.ActiveCfg = Debug|Any CPU
		{1724A8F6-131E-43EB-88E8-30AD7EF6B51B}.Debug|Any CPU.Build.0 = Debug|Any CPU
		{1724A8F6-131E-43EB-88E8-30AD7EF6B51B}.Release|Any CPU.ActiveCfg = Release|Any CPU
		{1724A8F6-131E-43EB-88E8-30AD7EF6B51B}.Release|Any CPU.Build.0 = Release|Any CPU
		{150FDD93-45BE-441A-A237-64975641DCB5}.Debug|Any CPU.ActiveCfg = Debug|Any CPU
		{150FDD93-45BE-441A-A237-64975641DCB5}.Debug|Any CPU.Build.0 = Debug|Any CPU
		{150FDD93-45BE-441A-A237-64975641DCB5}.Release|Any CPU.ActiveCfg = Release|Any CPU
		{150FDD93-45BE-441A-A237-64975641DCB5}.Release|Any CPU.Build.0 = Release|Any CPU
	EndGlobalSection
	GlobalSection(SolutionProperties) = preSolution
		HideSolutionNode = FALSE
	EndGlobalSection
	GlobalSection(ExtensibilityGlobals) = postSolution
		SolutionGuid = {F98D8D35-B199-4712-A0BE-A23DC56A72D9}
	EndGlobalSection
EndGlobal
